# THIS IS AN AUTOGENERATED FILE. DO NOT EDIT THIS FILE DIRECTLY.
# yarn lockfile v1


"@fortawesome/fontawesome-free@^5.9.0":
  version "5.9.0"
  resolved "https://registry.yarnpkg.com/@fortawesome/fontawesome-free/-/fontawesome-free-5.9.0.tgz#1aa5c59efb1b8c6eb6277d1e3e8c8f31998b8c8e"
  integrity sha512-g795BBEzM/Hq2SYNPm/NQTIp3IWd4eXSH0ds87Na2jnrAUFX3wkyZAI4Gwj9DOaWMuz2/01i8oWI7P7T/XLkhg==

bulma-switch@^2.0.0:
  version "2.0.0"
  resolved "https://registry.yarnpkg.com/bulma-switch/-/bulma-switch-2.0.0.tgz#7a187cd1bb8073e9a542478d936b89315f1ffcd8"
  integrity sha512-myD38zeUfjmdduq+pXabhJEe3x2hQP48l/OI+Y0fO3HdDynZUY/VJygucvEAJKRjr4HxD5DnEm4yx+oDOBXpAA==

bulma@^0.7.5:
  version "0.7.5"
  resolved "https://registry.yarnpkg.com/bulma/-/bulma-0.7.5.tgz#35066c37f82c088b68f94450be758fc00a967208"
  integrity sha512-cX98TIn0I6sKba/DhW0FBjtaDpxTelU166pf7ICXpCCuplHWyu6C9LYZmL5PEsnePIeJaiorsTEzzNk3Tsm1hw==

hover.css@^2.3.2:
  version "2.3.2"
  resolved "https://registry.yarnpkg.com/hover.css/-/hover.css-2.3.2.tgz#f07193d9c7409d4e395134d3b2215b99eb55e0d3"
  integrity sha1-8HGT2cdAnU45UTTTsiFbmetV4NM=
